// !$*UTF8*$!
{
	archiveVersion = 1;
	classes = {
	};
	objectVersion = 48;
	objects = {

/* Begin PBXBuildFile section */
		F93F4B951FB78AE300A70E68 /* AppDelegate.swift in Sources */ = {isa = PBXBuildFile; fileRef = F93F4B941FB78AE300A70E68 /* AppDelegate.swift */; };
		F93F4B971FB78AE400A70E68 /* ViewController.swift in Sources */ = {isa = PBXBuildFile; fileRef = F93F4B961FB78AE400A70E68 /* ViewController.swift */; };
		F93F4B9A1FB78AE400A70E68 /* Main.storyboard in Resources */ = {isa = PBXBuildFile; fileRef = F93F4B981FB78AE400A70E68 /* Main.storyboard */; };
		F93F4B9C1FB78AE400A70E68 /* Assets.xcassets in Resources */ = {isa = PBXBuildFile; fileRef = F93F4B9B1FB78AE400A70E68 /* Assets.xcassets */; };
		F93F4B9F1FB78AE400A70E68 /* LaunchScreen.storyboard in Resources */ = {isa = PBXBuildFile; fileRef = F93F4B9D1FB78AE400A70E68 /* LaunchScreen.storyboard */; };
		F93F4BAA1FB78AE800A70E68 /* TumblrPathTests.swift in Sources */ = {isa = PBXBuildFile; fileRef = F93F4BA91FB78AE800A70E68 /* TumblrPathTests.swift */; };
		F93F4BB51FB78AE800A70E68 /* TumblrPathUITests.swift in Sources */ = {isa = PBXBuildFile; fileRef = F93F4BB41FB78AE800A70E68 /* TumblrPathUITests.swift */; };
/* End PBXBuildFile section */

/* Begin PBXContainerItemProxy section */
		F93F4BA61FB78AE600A70E68 /* PBXContainerItemProxy */ = {
			isa = PBXContainerItemProxy;
			containerPortal = F93F4B891FB78AE000A70E68 /* Project object */;
			proxyType = 1;
			remoteGlobalIDString = F93F4B901FB78AE300A70E68;
			remoteInfo = TumblrPath;
		};
		F93F4BB11FB78AE800A70E68 /* PBXContainerItemProxy */ = {
			isa = PBXContainerItemProxy;
			containerPortal = F93F4B891FB78AE000A70E68 /* Project object */;
			proxyType = 1;
			remoteGlobalIDString = F93F4B901FB78AE300A70E68;
			remoteInfo = TumblrPath;
		};
/* End PBXContainerItemProxy section */

/* Begin PBXFileReference section */
		F93F4B911FB78AE300A70E68 /* TumblrPath.app */ = {isa = PBXFileReference; explicitFileType = wrapper.application; includeInIndex = 0; path = TumblrPath.app; sourceTree = BUILT_PRODUCTS_DIR; };
		F93F4B941FB78AE300A70E68 /* AppDelegate.swift */ = {isa = PBXFileReference; lastKnownFileType = sourcecode.swift; path = AppDelegate.swift; sourceTree = "<group>"; };
		F93F4B961FB78AE400A70E68 /* ViewController.swift */ = {isa = PBXFileReference; lastKnownFileType = sourcecode.swift; path = ViewController.swift; sourceTree = "<group>"; };
		F93F4B991FB78AE400A70E68 /* Base */ = {isa = PBXFileReference; lastKnownFileType = file.storyboard; name = Base; path = Base.lproj/Main.storyboard; sourceTree = "<group>"; };
		F93F4B9B1FB78AE400A70E68 /* Assets.xcassets */ = {isa = PBXFileReference; lastKnownFileType = folder.assetcatalog; path = Assets.xcassets; sourceTree = "<group>"; };
		F93F4B9E1FB78AE400A70E68 /* Base */ = {isa = PBXFileReference; lastKnownFileType = file.storyboard; name = Base; path = Base.lproj/LaunchScreen.storyboard; sourceTree = "<group>"; };
		F93F4BA01FB78AE500A70E68 /* Info.plist */ = {isa = PBXFileReference; lastKnownFileType = text.plist.xml; path = Info.plist; sourceTree = "<group>"; };
		F93F4BA51FB78AE600A70E68 /* TumblrPathTests.xctest */ = {isa = PBXFileReference; explicitFileType = wrapper.cfbundle; includeInIndex = 0; path = TumblrPathTests.xctest; sourceTree = BUILT_PRODUCTS_DIR; };
		F93F4BA91FB78AE800A70E68 /* TumblrPathTests.swift */ = {isa = PBXFileReference; lastKnownFileType = sourcecode.swift; path = TumblrPathTests.swift; sourceTree = "<group>"; };
		F93F4BAB1FB78AE800A70E68 /* Info.plist */ = {isa = PBXFileReference; lastKnownFileType = text.plist.xml; path = Info.plist; sourceTree = "<group>"; };
		F93F4BB01FB78AE800A70E68 /* TumblrPathUITests.xctest */ = {isa = PBXFileReference; explicitFileType = wrapper.cfbundle; includeInIndex = 0; path = TumblrPathUITests.xctest; sourceTree = BUILT_PRODUCTS_DIR; };
		F93F4BB41FB78AE800A70E68 /* TumblrPathUITests.swift */ = {isa = PBXFileReference; lastKnownFileType = sourcecode.swift; path = TumblrPathUITests.swift; sourceTree = "<group>"; };
		F93F4BB61FB78AE800A70E68 /* Info.plist */ = {isa = PBXFileReference; lastKnownFileType = text.plist.xml; path = Info.plist; sourceTree = "<group>"; };
/* End PBXFileReference section */

/* Begin PBXFrameworksBuildPhase section */
		F93F4B8E1FB78AE300A70E68 /* Frameworks */ = {
			isa = PBXFrameworksBuildPhase;
			buildActionMask = 2147483647;
			files = (
			);
			runOnlyForDeploymentPostprocessing = 0;
		};
		F93F4BA21FB78AE600A70E68 /* Frameworks */ = {
			isa = PBXFrameworksBuildPhase;
			buildActionMask = 2147483647;
			files = (
			);
			runOnlyForDeploymentPostprocessing = 0;
		};
		F93F4BAD1FB78AE800A70E68 /* Frameworks */ = {
			isa = PBXFrameworksBuildPhase;
			buildActionMask = 2147483647;
			files = (
			);
			runOnlyForDeploymentPostprocessing = 0;
		};
/* End PBXFrameworksBuildPhase section */

/* Begin PBXGroup section */
		F93F4B881FB78AE000A70E68 = {
			isa = PBXGroup;
			children = (
				F93F4B931FB78AE300A70E68 /* TumblrPath */,
				F93F4BA81FB78AE600A70E68 /* TumblrPathTests */,
				F93F4BB31FB78AE800A70E68 /* TumblrPathUITests */,
				F93F4B921FB78AE300A70E68 /* Products */,
			);
			sourceTree = "<group>";
		};
		F93F4B921FB78AE300A70E68 /* Products */ = {
			isa = PBXGroup;
			children = (
				F93F4B911FB78AE300A70E68 /* TumblrPath.app */,
				F93F4BA51FB78AE600A70E68 /* TumblrPathTests.xctest */,
				F93F4BB01FB78AE800A70E68 /* TumblrPathUITests.xctest */,
			);
			name = Products;
			sourceTree = "<group>";
		};
		F93F4B931FB78AE300A70E68 /* TumblrPath */ = {
			isa = PBXGroup;
			children = (
				F93F4B941FB78AE300A70E68 /* AppDelegate.swift */,
				F93F4B961FB78AE400A70E68 /* ViewController.swift */,
				F93F4B981FB78AE400A70E68 /* Main.storyboard */,
				F93F4B9B1FB78AE400A70E68 /* Assets.xcassets */,
				F93F4B9D1FB78AE400A70E68 /* LaunchScreen.storyboard */,
				F93F4BA01FB78AE500A70E68 /* Info.plist */,
			);
			path = TumblrPath;
			sourceTree = "<group>";
		};
		F93F4BA81FB78AE600A70E68 /* TumblrPathTests */ = {
			isa = PBXGroup;
			children = (
				F93F4BA91FB78AE800A70E68 /* TumblrPathTests.swift */,
				F93F4BAB1FB78AE800A70E68 /* Info.plist */,
			);
			path = TumblrPathTests;
			sourceTree = "<group>";
		};
		F93F4BB31FB78AE800A70E68 /* TumblrPathUITests */ = {
			isa = PBXGroup;
			children = (
				F93F4BB41FB78AE800A70E68 /* TumblrPathUITests.swift */,
				F93F4BB61FB78AE800A70E68 /* Info.plist */,
			);
			path = TumblrPathUITests;
			sourceTree = "<group>";
		};
/* End PBXGroup section */

/* Begin PBXNativeTarget section */
		F93F4B901FB78AE300A70E68 /* TumblrPath */ = {
			isa = PBXNativeTarget;
			buildConfigurationList = F93F4BB91FB78AE800A70E68 /* Build configuration list for PBXNativeTarget "TumblrPath" */;
			buildPhases = (
				F93F4B8D1FB78AE300A70E68 /* Sources */,
				F93F4B8E1FB78AE300A70E68 /* Frameworks */,
				F93F4B8F1FB78AE300A70E68 /* Resources */,
			);
			buildRules = (
			);
			dependencies = (
			);
			name = TumblrPath;
			productName = TumblrPath;
			productReference = F93F4B911FB78AE300A70E68 /* TumblrPath.app */;
			productType = "com.apple.product-type.application";
		};
		F93F4BA41FB78AE600A70E68 /* TumblrPathTests */ = {
			isa = PBXNativeTarget;
			buildConfigurationList = F93F4BBC1FB78AE800A70E68 /* Build configuration list for PBXNativeTarget "TumblrPathTests" */;
			buildPhases = (
				F93F4BA11FB78AE600A70E68 /* Sources */,
				F93F4BA21FB78AE600A70E68 /* Frameworks */,
				F93F4BA31FB78AE600A70E68 /* Resources */,
			);
			buildRules = (
			);
			dependencies = (
				F93F4BA71FB78AE600A70E68 /* PBXTargetDependency */,
			);
			name = TumblrPathTests;
			productName = TumblrPathTests;
			productReference = F93F4BA51FB78AE600A70E68 /* TumblrPathTests.xctest */;
			productType = "com.apple.product-type.bundle.unit-test";
		};
		F93F4BAF1FB78AE800A70E68 /* TumblrPathUITests */ = {
			isa = PBXNativeTarget;
			buildConfigurationList = F93F4BBF1FB78AE800A70E68 /* Build configuration list for PBXNativeTarget "TumblrPathUITests" */;
			buildPhases = (
				F93F4BAC1FB78AE800A70E68 /* Sources */,
				F93F4BAD1FB78AE800A70E68 /* Frameworks */,
				F93F4BAE1FB78AE800A70E68 /* Resources */,
			);
			buildRules = (
			);
			dependencies = (
				F93F4BB21FB78AE800A70E68 /* PBXTargetDependency */,
			);
			name = TumblrPathUITests;
			productName = TumblrPathUITests;
			productReference = F93F4BB01FB78AE800A70E68 /* TumblrPathUITests.xctest */;
			productType = "com.apple.product-type.bundle.ui-testing";
		};
/* End PBXNativeTarget section */

/* Begin PBXProject section */
		F93F4B891FB78AE000A70E68 /* Project object */ = {
			isa = PBXProject;
			attributes = {
				LastSwiftUpdateCheck = 0910;
				LastUpgradeCheck = 0910;
				ORGANIZATIONNAME = "Michael Ceraso";
				TargetAttributes = {
					F93F4B901FB78AE300A70E68 = {
						CreatedOnToolsVersion = 9.1;
						ProvisioningStyle = Automatic;
					};
					F93F4BA41FB78AE600A70E68 = {
						CreatedOnToolsVersion = 9.1;
						ProvisioningStyle = Automatic;
						TestTargetID = F93F4B901FB78AE300A70E68;
					};
					F93F4BAF1FB78AE800A70E68 = {
						CreatedOnToolsVersion = 9.1;
						ProvisioningStyle = Automatic;
						TestTargetID = F93F4B901FB78AE300A70E68;
					};
				};
			};
			buildConfigurationList = F93F4B8C1FB78AE000A70E68 /* Build configuration list for PBXProject "TumblrPath" */;
			compatibilityVersion = "Xcode 8.0";
			developmentRegion = en;
			hasScannedForEncodings = 0;
			knownRegions = (
				en,
				Base,
			);
			mainGroup = F93F4B881FB78AE000A70E68;
			productRefGroup = F93F4B921FB78AE300A70E68 /* Products */;
			projectDirPath = "";
			projectRoot = "";
			targets = (
				F93F4B901FB78AE300A70E68 /* TumblrPath */,
				F93F4BA41FB78AE600A70E68 /* TumblrPathTests */,
				F93F4BAF1FB78AE800A70E68 /* TumblrPathUITests */,
			);
		};
/* End PBXProject section */

/* Begin PBXResourcesBuildPhase section */
		F93F4B8F1FB78AE300A70E68 /* Resources */ = {
			isa = PBXResourcesBuildPhase;
			buildActionMask = 2147483647;
			files = (
				F93F4B9F1FB78AE400A70E68 /* LaunchScreen.storyboard in Resources */,
				F93F4B9C1FB78AE400A70E68 /* Assets.xcassets in Resources */,
				F93F4B9A1FB78AE400A70E68 /* Main.storyboard in Resources */,
			);
			runOnlyForDeploymentPostprocessing = 0;
		};
		F93F4BA31FB78AE600A70E68 /* Resources */ = {
			isa = PBXResourcesBuildPhase;
			buildActionMask = 2147483647;
			files = (
			);
			runOnlyForDeploymentPostprocessing = 0;
		};
		F93F4BAE1FB78AE800A70E68 /* Resources */ = {
			isa = PBXResourcesBuildPhase;
			buildActionMask = 2147483647;
			files = (
			);
			runOnlyForDeploymentPostprocessing = 0;
		};
/* End PBXResourcesBuildPhase section */

/* Begin PBXSourcesBuildPhase section */
		F93F4B8D1FB78AE300A70E68 /* Sources */ = {
			isa = PBXSourcesBuildPhase;
			buildActionMask = 2147483647;
			files = (
				F93F4B971FB78AE400A70E68 /* ViewController.swift in Sources */,
				F93F4B951FB78AE300A70E68 /* AppDelegate.swift in Sources */,
			);
			runOnlyForDeploymentPostprocessing = 0;
		};
		F93F4BA11FB78AE600A70E68 /* Sources */ = {
			isa = PBXSourcesBuildPhase;
			buildActionMask = 2147483647;
			files = (
				F93F4BAA1FB78AE800A70E68 /* TumblrPathTests.swift in Sources */,
			);
			runOnlyForDeploymentPostprocessing = 0;
		};
		F93F4BAC1FB78AE800A70E68 /* Sources */ = {
			isa = PBXSourcesBuildPhase;
			buildActionMask = 2147483647;
			files = (
				F93F4BB51FB78AE800A70E68 /* TumblrPathUITests.swift in Sources */,
			);
			runOnlyForDeploymentPostprocessing = 0;
		};
/* End PBXSourcesBuildPhase section */

/* Begin PBXTargetDependency section */
		F93F4BA71FB78AE600A70E68 /* PBXTargetDependency */ = {
			isa = PBXTargetDependency;
			target = F93F4B901FB78AE300A70E68 /* TumblrPath */;
			targetProxy = F93F4BA61FB78AE600A70E68 /* PBXContainerItemProxy */;
		};
		F93F4BB21FB78AE800A70E68 /* PBXTargetDependency */ = {
			isa = PBXTargetDependency;
			target = F93F4B901FB78AE300A70E68 /* TumblrPath */;
			targetProxy = F93F4BB11FB78AE800A70E68 /* PBXContainerItemProxy */;
		};
/* End PBXTargetDependency section */

/* Begin PBXVariantGroup section */
		F93F4B981FB78AE400A70E68 /* Main.storyboard */ = {
			isa = PBXVariantGroup;
			children = (
				F93F4B991FB78AE400A70E68 /* Base */,
			);
			name = Main.storyboard;
			sourceTree = "<group>";
		};
		F93F4B9D1FB78AE400A70E68 /* LaunchScreen.storyboard */ = {
			isa = PBXVariantGroup;
			children = (
				F93F4B9E1FB78AE400A70E68 /* Base */,
			);
			name = LaunchScreen.storyboard;
			sourceTree = "<group>";
		};
/* End PBXVariantGroup section */

/* Begin XCBuildConfiguration section */
		F93F4BB71FB78AE800A70E68 /* Debug */ = {
			isa = XCBuildConfiguration;
			buildSettings = {
				ALWAYS_SEARCH_USER_PATHS = NO;
				CLANG_ANALYZER_NONNULL = YES;
				CLANG_ANALYZER_NUMBER_OBJECT_CONVERSION = YES_AGGRESSIVE;
				CLANG_CXX_LANGUAGE_STANDARD = "gnu++14";
				CLANG_CXX_LIBRARY = "libc++";
				CLANG_ENABLE_MODULES = YES;
				CLANG_ENABLE_OBJC_ARC = YES;
				CLANG_WARN_BLOCK_CAPTURE_AUTORELEASING = YES;
				CLANG_WARN_BOOL_CONVERSION = YES;
				CLANG_WARN_COMMA = YES;
				CLANG_WARN_CONSTANT_CONVERSION = YES;
				CLANG_WARN_DIRECT_OBJC_ISA_USAGE = YES_ERROR;
				CLANG_WARN_DOCUMENTATION_COMMENTS = YES;
				CLANG_WARN_EMPTY_BODY = YES;
				CLANG_WARN_ENUM_CONVERSION = YES;
				CLANG_WARN_INFINITE_RECURSION = YES;
				CLANG_WARN_INT_CONVERSION = YES;
				CLANG_WARN_NON_LITERAL_NULL_CONVERSION = YES;
				CLANG_WARN_OBJC_LITERAL_CONVERSION = YES;
				CLANG_WARN_OBJC_ROOT_CLASS = YES_ERROR;
				CLANG_WARN_RANGE_LOOP_ANALYSIS = YES;
				CLANG_WARN_STRICT_PROTOTYPES = YES;
				CLANG_WARN_SUSPICIOUS_MOVE = YES;
				CLANG_WARN_UNGUARDED_AVAILABILITY = YES_AGGRESSIVE;
				CLANG_WARN_UNREACHABLE_CODE = YES;
				CLANG_WARN__DUPLICATE_METHOD_MATCH = YES;
				CODE_SIGN_IDENTITY = "iPhone Developer";
				COPY_PHASE_STRIP = NO;
				DEBUG_INFORMATION_FORMAT = dwarf;
				ENABLE_STRICT_OBJC_MSGSEND = YES;
				ENABLE_TESTABILITY = YES;
				GCC_C_LANGUAGE_STANDARD = gnu11;
				GCC_DYNAMIC_NO_PIC = NO;
				GCC_NO_COMMON_BLOCKS = YES;
				GCC_OPTIMIZATION_LEVEL = 0;
				GCC_PREPROCESSOR_DEFINITIONS = (
					"DEBUG=1",
					"$(inherited)",
				);
				GCC_WARN_64_TO_32_BIT_CONVERSION = YES;
				GCC_WARN_ABOUT_RETURN_TYPE = YES_ERROR;
				GCC_WARN_UNDECLARED_SELECTOR = YES;
				GCC_WARN_UNINITIALIZED_AUTOS = YES_AGGRESSIVE;
				GCC_WARN_UNUSED_FUNCTION = YES;
				GCC_WARN_UNUSED_VARIABLE = YES;
				IPHONEOS_DEPLOYMENT_TARGET = 11.1;
				MTL_ENABLE_DEBUG_INFO = YES;
				ONLY_ACTIVE_ARCH = YES;
				SDKROOT = iphoneos;
				SWIFT_ACTIVE_COMPILATION_CONDITIONS = DEBUG;
				SWIFT_OPTIMIZATION_LEVEL = "-Onone";
			};
			name = Debug;
		};
		F93F4BB81FB78AE800A70E68 /* Release */ = {
			isa = XCBuildConfiguration;
			buildSettings = {
				ALWAYS_SEARCH_USER_PATHS = NO;
				CLANG_ANALYZER_NONNULL = YES;
				CLANG_ANALYZER_NUMBER_OBJECT_CONVERSION = YES_AGGRESSIVE;
				CLANG_CXX_LANGUAGE_STANDARD = "gnu++14";
				CLANG_CXX_LIBRARY = "libc++";
				CLANG_ENABLE_MODULES = YES;
				CLANG_ENABLE_OBJC_ARC = YES;
				CLANG_WARN_BLOCK_CAPTURE_AUTORELEASING = YES;
				CLANG_WARN_BOOL_CONVERSION = YES;
				CLANG_WARN_COMMA = YES;
				CLANG_WARN_CONSTANT_CONVERSION = YES;
				CLANG_WARN_DIRECT_OBJC_ISA_USAGE = YES_ERROR;
				CLANG_WARN_DOCUMENTATION_COMMENTS = YES;
				CLANG_WARN_EMPTY_BODY = YES;
				CLANG_WARN_ENUM_CONVERSION = YES;
				CLANG_WARN_INFINITE_RECURSION = YES;
				CLANG_WARN_INT_CONVERSION = YES;
				CLANG_WARN_NON_LITERAL_NULL_CONVERSION = YES;
				CLANG_WARN_OBJC_LITERAL_CONVERSION = YES;
				CLANG_WARN_OBJC_ROOT_CLASS = YES_ERROR;
				CLANG_WARN_RANGE_LOOP_ANALYSIS = YES;
				CLANG_WARN_STRICT_PROTOTYPES = YES;
				CLANG_WARN_SUSPICIOUS_MOVE = YES;
				CLANG_WARN_UNGUARDED_AVAILABILITY = YES_AGGRESSIVE;
				CLANG_WARN_UNREACHABLE_CODE = YES;
				CLANG_WARN__DUPLICATE_METHOD_MATCH = YES;
				CODE_SIGN_IDENTITY = "iPhone Developer";
				COPY_PHASE_STRIP = NO;
				DEBUG_INFORMATION_FORMAT = "dwarf-with-dsym";
				ENABLE_NS_ASSERTIONS = NO;
				ENABLE_STRICT_OBJC_MSGSEND = YES;
				GCC_C_LANGUAGE_STANDARD = gnu11;
				GCC_NO_COMMON_BLOCKS = YES;
				GCC_WARN_64_TO_32_BIT_CONVERSION = YES;
				GCC_WARN_ABOUT_RETURN_TYPE = YES_ERROR;
				GCC_WARN_UNDECLARED_SELECTOR = YES;
				GCC_WARN_UNINITIALIZED_AUTOS = YES_AGGRESSIVE;
				GCC_WARN_UNUSED_FUNCTION = YES;
				GCC_WARN_UNUSED_VARIABLE = YES;
				IPHONEOS_DEPLOYMENT_TARGET = 11.1;
				MTL_ENABLE_DEBUG_INFO = NO;
				SDKROOT = iphoneos;
				SWIFT_OPTIMIZATION_LEVEL = "-Owholemodule";
				VALIDATE_PRODUCT = YES;
			};
			name = Release;
		};
		F93F4BBA1FB78AE800A70E68 /* Debug */ = {
			isa = XCBuildConfiguration;
			buildSettings = {
				ASSETCATALOG_COMPILER_APPICON_NAME = AppIcon;
				CODE_SIGN_STYLE = Automatic;
				INFOPLIST_FILE = TumblrPath/Info.plist;
				LD_RUNPATH_SEARCH_PATHS = "$(inherited) @executable_path/Frameworks";
				PRODUCT_BUNDLE_IDENTIFIER = Codepath.TumblrPath;
				PRODUCT_NAME = "$(TARGET_NAME)";
				SWIFT_VERSION = 4.0;
				TARGETED_DEVICE_FAMILY = "1,2";
			};
			name = Debug;
		};
		F93F4BBB1FB78AE800A70E68 /* Release */ = {
			isa = XCBuildConfiguration;
			buildSettings = {
				ASSETCATALOG_COMPILER_APPICON_NAME = AppIcon;
				CODE_SIGN_STYLE = Automatic;
				INFOPLIST_FILE = TumblrPath/Info.plist;
				LD_RUNPATH_SEARCH_PATHS = "$(inherited) @executable_path/Frameworks";
				PRODUCT_BUNDLE_IDENTIFIER = Codepath.TumblrPath;
				PRODUCT_NAME = "$(TARGET_NAME)";
				SWIFT_VERSION = 4.0;
				TARGETED_DEVICE_FAMILY = "1,2";
			};
			name = Release;
		};
		F93F4BBD1FB78AE800A70E68 /* Debug */ = {
			isa = XCBuildConfiguration;
			buildSettings = {
				ALWAYS_EMBED_SWIFT_STANDARD_LIBRARIES = YES;
				BUNDLE_LOADER = "$(TEST_HOST)";
				CODE_SIGN_STYLE = Automatic;
				INFOPLIST_FILE = TumblrPathTests/Info.plist;
				LD_RUNPATH_SEARCH_PATHS = "$(inherited) @executable_path/Frameworks @loader_path/Frameworks";
				PRODUCT_BUNDLE_IDENTIFIER = Codepath.TumblrPathTests;
				PRODUCT_NAME = "$(TARGET_NAME)";
				SWIFT_VERSION = 4.0;
				TARGETED_DEVICE_FAMILY = "1,2";
				TEST_HOST = "$(BUILT_PRODUCTS_DIR)/TumblrPath.app/TumblrPath";
			};
			name = Debug;
		};
		F93F4BBE1FB78AE800A70E68 /* Release */ = {
			isa = XCBuildConfiguration;
			buildSettings = {
				ALWAYS_EMBED_SWIFT_STANDARD_LIBRARIES = YES;
				BUNDLE_LOADER = "$(TEST_HOST)";
				CODE_SIGN_STYLE = Automatic;
				INFOPLIST_FILE = TumblrPathTests/Info.plist;
				LD_RUNPATH_SEARCH_PATHS = "$(inherited) @executable_path/Frameworks @loader_path/Frameworks";
				PRODUCT_BUNDLE_IDENTIFIER = Codepath.TumblrPathTests;
				PRODUCT_NAME = "$(TARGET_NAME)";
				SWIFT_VERSION = 4.0;
				TARGETED_DEVICE_FAMILY = "1,2";
				TEST_HOST = "$(BUILT_PRODUCTS_DIR)/TumblrPath.app/TumblrPath";
			};
			name = Release;
		};
		F93F4BC01FB78AE800A70E68 /* Debug */ = {
			isa = XCBuildConfiguration;
			buildSettings = {
				ALWAYS_EMBED_SWIFT_STANDARD_LIBRARIES = YES;
				CODE_SIGN_STYLE = Automatic;
				INFOPLIST_FILE = TumblrPathUITests/Info.plist;
				LD_RUNPATH_SEARCH_PATHS = "$(inherited) @executable_path/Frameworks @loader_path/Frameworks";
				PRODUCT_BUNDLE_IDENTIFIER = Codepath.TumblrPathUITests;
				PRODUCT_NAME = "$(TARGET_NAME)";
				SWIFT_VERSION = 4.0;
				TARGETED_DEVICE_FAMILY = "1,2";
				TEST_TARGET_NAME = TumblrPath;
			};
			name = Debug;
		};
		F93F4BC11FB78AE800A70E68 /* Release */ = {
			isa = XCBuildConfiguration;
			buildSettings = {
				ALWAYS_EMBED_SWIFT_STANDARD_LIBRARIES = YES;
				CODE_SIGN_STYLE = Automatic;
				INFOPLIST_FILE = TumblrPathUITests/Info.plist;
				LD_RUNPATH_SEARCH_PATHS = "$(inherited) @executable_path/Frameworks @loader_path/Frameworks";
				PRODUCT_BUNDLE_IDENTIFIER = Codepath.TumblrPathUITests;
				PRODUCT_NAME = "$(TARGET_NAME)";
				SWIFT_VERSION = 4.0;
				TARGETED_DEVICE_FAMILY = "1,2";
				TEST_TARGET_NAME = TumblrPath;
			};
			name = Release;
		};
/* End XCBuildConfiguration section */

/* Begin XCConfigurationList section */
		F93F4B8C1FB78AE000A70E68 /* Build configuration list for PBXProject "TumblrPath" */ = {
			isa = XCConfigurationList;
			buildConfigurations = (
				F93F4BB71FB78AE800A70E68 /* Debug */,
				F93F4BB81FB78AE800A70E68 /* Release */,
			);
			defaultConfigurationIsVisible = 0;
			defaultConfigurationName = Release;
		};
		F93F4BB91FB78AE800A70E68 /* Build configuration list for PBXNativeTarget "TumblrPath" */ = {
			isa = XCConfigurationList;
			buildConfigurations = (
				F93F4BBA1FB78AE800A70E68 /* Debug */,
				F93F4BBB1FB78AE800A70E68 /* Release */,
			);
			defaultConfigurationIsVisible = 0;
			defaultConfigurationName = Release;
		};
		F93F4BBC1FB78AE800A70E68 /* Build configuration list for PBXNativeTarget "TumblrPathTests" */ = {
			isa = XCConfigurationList;
			buildConfigurations = (
				F93F4BBD1FB78AE800A70E68 /* Debug */,
				F93F4BBE1FB78AE800A70E68 /* Release */,
			);
			defaultConfigurationIsVisible = 0;
			defaultConfigurationName = Release;
		};
		F93F4BBF1FB78AE800A70E68 /* Build configuration list for PBXNativeTarget "TumblrPathUITests" */ = {
			isa = XCConfigurationList;
			buildConfigurations = (
				F93F4BC01FB78AE800A70E68 /* Debug */,
				F93F4BC11FB78AE800A70E68 /* Release */,
			);
			defaultConfigurationIsVisible = 0;
			defaultConfigurationName = Release;
		};
/* End XCConfigurationList section */
	};
	rootObject = F93F4B891FB78AE000A70E68 /* Project object */;
}
